
Microsoft Visual Studio Solution File, Format Version 12.00
# Visual Studio Version 17
VisualStudioVersion = 17.13.35825.156 d17.13
MinimumVisualStudioVersion = 10.0.40219.1
Project("{FAE04EC0-301F-11D3-BF4B-00C04F79EFBC}") = "OOP", "OOP\OOP.csproj", "{5706F1AA-63DF-4F86-99CD-048DBCDEED67}"
EndProject
Global
	GlobalSection(SolutionConfigurationPlatforms) = preSolution
		Debug|Any CPU = Debug|Any CPU
		Release|Any CPU = Release|Any CPU
	EndGlobalSection
	GlobalSection(ProjectConfigurationPlatforms) = postSolution
		{5706F1AA-63DF-4F86-99CD-048DBCDEED67}.Debug|Any CPU.ActiveCfg = Debug|Any CPU
		{5706F1AA-63DF-4F86-99CD-048DBCDEED67}.Debug|Any CPU.Build.0 = Debug|Any CPU
		{5706F1AA-63DF-4F86-99CD-048DBCDEED67}.Release|Any CPU.ActiveCfg = Release|Any CPU
		{5706F1AA-63DF-4F86-99CD-048DBCDEED67}.Release|Any CPU.Build.0 = Release|Any CPU
	EndGlobalSection
	GlobalSection(SolutionProperties) = preSolution
		HideSolutionNode = FALSE
	EndGlobalSection
	GlobalSection(ExtensibilityGlobals) = postSolution
		SolutionGuid = {81B51D0F-38A5-484F-9015-C40E988578BD}
	EndGlobalSection
EndGlobal
